
Microsoft Visual Studio Solution File, Format Version 12.00
# Visual Studio 2013
VisualStudioVersion = 12.0.40629.0
MinimumVisualStudioVersion = 10.0.40219.1
Project("{2150E333-8FDC-42A3-9474-1A3956D46DE8}") = "Business", "Business", "{880ED773-B0A6-4B95-A405-8F9B362A56ED}"
EndProject
Project("{2150E333-8FDC-42A3-9474-1A3956D46DE8}") = "DataAccess", "DataAccess", "{3CACE502-288C-4A3A-85FA-C9A459A7780B}"
EndProject
Project("{2150E333-8FDC-42A3-9474-1A3956D46DE8}") = "ModelCommon", "ModelCommon", "{88FB7670-03BF-41A5-8245-78B7DCCAD852}"
EndProject
Project("{FAE04EC0-301F-11D3-BF4B-00C04F79EFBC}") = "AndroidMvcServer.Model", "AndroidMvcServer.Model\AndroidMvcServer.Model.csproj", "{38044C21-1FD9-4C3C-84B2-CF6788A28432}"
EndProject
Project("{FAE04EC0-301F-11D3-BF4B-00C04F79EFBC}") = "AndroidMvcServer.BLL", "AndroidMvcServer.BLL\AndroidMvcServer.BLL.csproj", "{67E5ECBF-FA18-4C21-8492-07EB07110F94}"
EndProject
Project("{FAE04EC0-301F-11D3-BF4B-00C04F79EFBC}") = "AndroidMvcServer.Common", "AndroidMvcServer.Common\AndroidMvcServer.Common.csproj", "{6AFE3193-0B0D-4FBE-A15F-2A621CAD6F50}"
EndProject
Project("{FAE04EC0-301F-11D3-BF4B-00C04F79EFBC}") = "AndroidMvcServer.Portal", "AndroidMvcServer.Portal\AndroidMvcServer.Portal.csproj", "{4048CE29-3074-46C4-BEC0-4CEA03E1720E}"
EndProject
Project("{FAE04EC0-301F-11D3-BF4B-00C04F79EFBC}") = "AndroidMvcServer.DBUtility", "AndroidMvcServer.DBUtility\AndroidMvcServer.DBUtility.csproj", "{FB32D84D-FE1C-4E4D-B1E5-836F068F251C}"
EndProject
Project("{FAE04EC0-301F-11D3-BF4B-00C04F79EFBC}") = "AndroidMvcServer.Tests", "AndroidMvcServer.Tests\AndroidMvcServer.Tests.csproj", "{AB9FBBAF-220E-42A9-9C66-33AB2DC0DADA}"
EndProject
Project("{FAE04EC0-301F-11D3-BF4B-00C04F79EFBC}") = "AndroidMvcServer.IDAL", "AndroidMvcServer.IDAL\AndroidMvcServer.IDAL.csproj", "{2A738965-FA2F-43EA-B71D-33669258976B}"
EndProject
Project("{FAE04EC0-301F-11D3-BF4B-00C04F79EFBC}") = "AndroidMvcServer.MySQLDAL", "AndroidMvcServer.MySQLDAL\AndroidMvcServer.MySQLDAL.csproj", "{C3AD3D51-834A-4E21-852A-9128188AB073}"
EndProject
Project("{FAE04EC0-301F-11D3-BF4B-00C04F79EFBC}") = "AndroidMvcServer.SQLServerDAL", "AndroidMvcServer.SqlServerDAL\AndroidMvcServer.SQLServerDAL.csproj", "{319D08FC-C28B-40D6-B56B-369229A9E849}"
EndProject
Project("{FAE04EC0-301F-11D3-BF4B-00C04F79EFBC}") = "AndroidMvcServer.DALFactory", "AndroidMvcServer.DALFactory\AndroidMvcServer.DALFactory.csproj", "{85B89D44-3B72-471C-B5C4-FC3691EE6B56}"
EndProject
Project("{FAE04EC0-301F-11D3-BF4B-00C04F79EFBC}") = "AndroidMvcServer.WebAPI", "AndroidMvcServer.WebAPI\AndroidMvcServer.WebAPI.csproj", "{70864332-778B-4448-8441-9E5B98E438E0}"
EndProject
Project("{FAE04EC0-301F-11D3-BF4B-00C04F79EFBC}") = "AndroidMvcServer.WebAPI.Tests", "AndroidMvcServer.WebAPI.Tests\AndroidMvcServer.WebAPI.Tests.csproj", "{C3F49EE6-A2AE-4659-BB39-93FE70F078CC}"
EndProject
Project("{FAE04EC0-301F-11D3-BF4B-00C04F79EFBC}") = "DotNet.Utilities", "DotNet.Utilities\DotNet.Utilities.csproj", "{4771F187-E577-458C-91FD-97BB65AF7221}"
EndProject
Global
	GlobalSection(SolutionConfigurationPlatforms) = preSolution
		Debug|Any CPU = Debug|Any CPU
		Release|Any CPU = Release|Any CPU
	EndGlobalSection
	GlobalSection(ProjectConfigurationPlatforms) = postSolution
		{38044C21-1FD9-4C3C-84B2-CF6788A28432}.Debug|Any CPU.ActiveCfg = Debug|Any CPU
		{38044C21-1FD9-4C3C-84B2-CF6788A28432}.Debug|Any CPU.Build.0 = Debug|Any CPU
		{38044C21-1FD9-4C3C-84B2-CF6788A28432}.Release|Any CPU.ActiveCfg = Release|Any CPU
		{38044C21-1FD9-4C3C-84B2-CF6788A28432}.Release|Any CPU.Build.0 = Release|Any CPU
		{67E5ECBF-FA18-4C21-8492-07EB07110F94}.Debug|Any CPU.ActiveCfg = Debug|Any CPU
		{67E5ECBF-FA18-4C21-8492-07EB07110F94}.Debug|Any CPU.Build.0 = Debug|Any CPU
		{67E5ECBF-FA18-4C21-8492-07EB07110F94}.Release|Any CPU.ActiveCfg = Release|Any CPU
		{67E5ECBF-FA18-4C21-8492-07EB07110F94}.Release|Any CPU.Build.0 = Release|Any CPU
		{6AFE3193-0B0D-4FBE-A15F-2A621CAD6F50}.Debug|Any CPU.ActiveCfg = Debug|Any CPU
		{6AFE3193-0B0D-4FBE-A15F-2A621CAD6F50}.Debug|Any CPU.Build.0 = Debug|Any CPU
		{6AFE3193-0B0D-4FBE-A15F-2A621CAD6F50}.Release|Any CPU.ActiveCfg = Release|Any CPU
		{6AFE3193-0B0D-4FBE-A15F-2A621CAD6F50}.Release|Any CPU.Build.0 = Release|Any CPU
		{4048CE29-3074-46C4-BEC0-4CEA03E1720E}.Debug|Any CPU.ActiveCfg = Debug|Any CPU
		{4048CE29-3074-46C4-BEC0-4CEA03E1720E}.Debug|Any CPU.Build.0 = Debug|Any CPU
		{4048CE29-3074-46C4-BEC0-4CEA03E1720E}.Release|Any CPU.ActiveCfg = Release|Any CPU
		{4048CE29-3074-46C4-BEC0-4CEA03E1720E}.Release|Any CPU.Build.0 = Release|Any CPU
		{FB32D84D-FE1C-4E4D-B1E5-836F068F251C}.Debug|Any CPU.ActiveCfg = Debug|Any CPU
		{FB32D84D-FE1C-4E4D-B1E5-836F068F251C}.Debug|Any CPU.Build.0 = Debug|Any CPU
		{FB32D84D-FE1C-4E4D-B1E5-836F068F251C}.Release|Any CPU.ActiveCfg = Release|Any CPU
		{FB32D84D-FE1C-4E4D-B1E5-836F068F251C}.Release|Any CPU.Build.0 = Release|Any CPU
		{AB9FBBAF-220E-42A9-9C66-33AB2DC0DADA}.Debug|Any CPU.ActiveCfg = Debug|Any CPU
		{AB9FBBAF-220E-42A9-9C66-33AB2DC0DADA}.Debug|Any CPU.Build.0 = Debug|Any CPU
		{AB9FBBAF-220E-42A9-9C66-33AB2DC0DADA}.Release|Any CPU.ActiveCfg = Release|Any CPU
		{AB9FBBAF-220E-42A9-9C66-33AB2DC0DADA}.Release|Any CPU.Build.0 = Release|Any CPU
		{2A738965-FA2F-43EA-B71D-33669258976B}.Debug|Any CPU.ActiveCfg = Debug|Any CPU
		{2A738965-FA2F-43EA-B71D-33669258976B}.Debug|Any CPU.Build.0 = Debug|Any CPU
		{2A738965-FA2F-43EA-B71D-33669258976B}.Release|Any CPU.ActiveCfg = Release|Any CPU
		{2A738965-FA2F-43EA-B71D-33669258976B}.Release|Any CPU.Build.0 = Release|Any CPU
		{C3AD3D51-834A-4E21-852A-9128188AB073}.Debug|Any CPU.ActiveCfg = Debug|Any CPU
		{C3AD3D51-834A-4E21-852A-9128188AB073}.Debug|Any CPU.Build.0 = Debug|Any CPU
		{C3AD3D51-834A-4E21-852A-9128188AB073}.Release|Any CPU.ActiveCfg = Release|Any CPU
		{C3AD3D51-834A-4E21-852A-9128188AB073}.Release|Any CPU.Build.0 = Release|Any CPU
		{319D08FC-C28B-40D6-B56B-369229A9E849}.Debug|Any CPU.ActiveCfg = Debug|Any CPU
		{319D08FC-C28B-40D6-B56B-369229A9E849}.Debug|Any CPU.Build.0 = Debug|Any CPU
		{319D08FC-C28B-40D6-B56B-369229A9E849}.Release|Any CPU.ActiveCfg = Release|Any CPU
		{319D08FC-C28B-40D6-B56B-369229A9E849}.Release|Any CPU.Build.0 = Release|Any CPU
		{85B89D44-3B72-471C-B5C4-FC3691EE6B56}.Debug|Any CPU.ActiveCfg = Debug|Any CPU
		{85B89D44-3B72-471C-B5C4-FC3691EE6B56}.Debug|Any CPU.Build.0 = Debug|Any CPU
		{85B89D44-3B72-471C-B5C4-FC3691EE6B56}.Release|Any CPU.ActiveCfg = Release|Any CPU
		{85B89D44-3B72-471C-B5C4-FC3691EE6B56}.Release|Any CPU.Build.0 = Release|Any CPU
		{70864332-778B-4448-8441-9E5B98E438E0}.Debug|Any CPU.ActiveCfg = Debug|Any CPU
		{70864332-778B-4448-8441-9E5B98E438E0}.Debug|Any CPU.Build.0 = Debug|Any CPU
		{70864332-778B-4448-8441-9E5B98E438E0}.Release|Any CPU.ActiveCfg = Release|Any CPU
		{70864332-778B-4448-8441-9E5B98E438E0}.Release|Any CPU.Build.0 = Release|Any CPU
		{C3F49EE6-A2AE-4659-BB39-93FE70F078CC}.Debug|Any CPU.ActiveCfg = Debug|Any CPU
		{C3F49EE6-A2AE-4659-BB39-93FE70F078CC}.Debug|Any CPU.Build.0 = Debug|Any CPU
		{C3F49EE6-A2AE-4659-BB39-93FE70F078CC}.Release|Any CPU.ActiveCfg = Release|Any CPU
		{C3F49EE6-A2AE-4659-BB39-93FE70F078CC}.Release|Any CPU.Build.0 = Release|Any CPU
		{4771F187-E577-458C-91FD-97BB65AF7221}.Debug|Any CPU.ActiveCfg = Debug|Any CPU
		{4771F187-E577-458C-91FD-97BB65AF7221}.Debug|Any CPU.Build.0 = Debug|Any CPU
		{4771F187-E577-458C-91FD-97BB65AF7221}.Release|Any CPU.ActiveCfg = Release|Any CPU
		{4771F187-E577-458C-91FD-97BB65AF7221}.Release|Any CPU.Build.0 = Release|Any CPU
	EndGlobalSection
	GlobalSection(SolutionProperties) = preSolution
		HideSolutionNode = FALSE
	EndGlobalSection
	GlobalSection(NestedProjects) = preSolution
		{38044C21-1FD9-4C3C-84B2-CF6788A28432} = {88FB7670-03BF-41A5-8245-78B7DCCAD852}
		{67E5ECBF-FA18-4C21-8492-07EB07110F94} = {880ED773-B0A6-4B95-A405-8F9B362A56ED}
		{6AFE3193-0B0D-4FBE-A15F-2A621CAD6F50} = {88FB7670-03BF-41A5-8245-78B7DCCAD852}
		{FB32D84D-FE1C-4E4D-B1E5-836F068F251C} = {3CACE502-288C-4A3A-85FA-C9A459A7780B}
		{2A738965-FA2F-43EA-B71D-33669258976B} = {3CACE502-288C-4A3A-85FA-C9A459A7780B}
		{C3AD3D51-834A-4E21-852A-9128188AB073} = {3CACE502-288C-4A3A-85FA-C9A459A7780B}
		{319D08FC-C28B-40D6-B56B-369229A9E849} = {3CACE502-288C-4A3A-85FA-C9A459A7780B}
		{85B89D44-3B72-471C-B5C4-FC3691EE6B56} = {3CACE502-288C-4A3A-85FA-C9A459A7780B}
		{4771F187-E577-458C-91FD-97BB65AF7221} = {88FB7670-03BF-41A5-8245-78B7DCCAD852}
	EndGlobalSection
	GlobalSection(ExtensibilityGlobals) = postSolution
		VisualSVNWorkingCopyRoot = .
	EndGlobalSection
EndGlobal
