
Microsoft Visual Studio Solution File, Format Version 12.00
# Visual Studio 2012
Project("{FAE04EC0-301F-11D3-BF4B-00C04F79EFBC}") = "AndroidMvcServer.IBLL", "AndroidMvcServer.IBLL.csproj", "{478004BE-CFD4-4285-B29E-C8AD8D05CC85}"
EndProject
Global
	GlobalSection(SolutionConfigurationPlatforms) = preSolution
		Debug|Any CPU = Debug|Any CPU
		Release|Any CPU = Release|Any CPU
	EndGlobalSection
	GlobalSection(ProjectConfigurationPlatforms) = postSolution
		{478004BE-CFD4-4285-B29E-C8AD8D05CC85}.Debug|Any CPU.ActiveCfg = Debug|Any CPU
		{478004BE-CFD4-4285-B29E-C8AD8D05CC85}.Debug|Any CPU.Build.0 = Debug|Any CPU
		{478004BE-CFD4-4285-B29E-C8AD8D05CC85}.Release|Any CPU.ActiveCfg = Release|Any CPU
		{478004BE-CFD4-4285-B29E-C8AD8D05CC85}.Release|Any CPU.Build.0 = Release|Any CPU
	EndGlobalSection
	GlobalSection(SolutionProperties) = preSolution
		HideSolutionNode = FALSE
	EndGlobalSection
EndGlobal
